
Microsoft Visual Studio Solution File, Format Version 12.00
# Visual Studio Version 17
VisualStudioVersion = 17.3.32929.385
MinimumVisualStudioVersion = 10.0.40219.1
Project("{FAE04EC0-301F-11D3-BF4B-00C04F79EFBC}") = "DockerTestApp", "DockerTestApp\DockerTestApp.csproj", "{208536EF-AEE7-42AE-9F56-3860FA9A4469}"
EndProject
Global
	GlobalSection(SolutionConfigurationPlatforms) = preSolution
		Debug|Any CPU = Debug|Any CPU
		Release|Any CPU = Release|Any CPU
	EndGlobalSection
	GlobalSection(ProjectConfigurationPlatforms) = postSolution
		{208536EF-AEE7-42AE-9F56-3860FA9A4469}.Debug|Any CPU.ActiveCfg = Debug|Any CPU
		{208536EF-AEE7-42AE-9F56-3860FA9A4469}.Debug|Any CPU.Build.0 = Debug|Any CPU
		{208536EF-AEE7-42AE-9F56-3860FA9A4469}.Release|Any CPU.ActiveCfg = Release|Any CPU
		{208536EF-AEE7-42AE-9F56-3860FA9A4469}.Release|Any CPU.Build.0 = Release|Any CPU
	EndGlobalSection
	GlobalSection(SolutionProperties) = preSolution
		HideSolutionNode = FALSE
	EndGlobalSection
	GlobalSection(ExtensibilityGlobals) = postSolution
		SolutionGuid = {1BAC7099-18F3-4580-881B-D522D9BDCE06}
	EndGlobalSection
EndGlobal
